// !$*UTF8*$!
{
	archiveVersion = 1;
	classes = {
	};
	objectVersion = 77;
	objects = {

/* Begin PBXBuildFile section */
		0B65ABE3A8A96DA141235700 /* EntryDetailViewModelTests.swift in Sources */ = {isa = PBXBuildFile; fileRef = F11283F475915EC9E7655A0D /* EntryDetailViewModelTests.swift */; };
		16AE73D986AF43959BBEE19C /* NavigatorImpl.swift in Sources */ = {isa = PBXBuildFile; fileRef = A60601F51B5FE4215BEB388D /* NavigatorImpl.swift */; };
		175CFD9B074AC42F3A658020 /* Theme.swift in Sources */ = {isa = PBXBuildFile; fileRef = 5DD75D4767C20646CA8B8F04 /* Theme.swift */; };
		1B7F7428CF3B3CE4FE251AEF /* WorkLogViewModelTests.swift in Sources */ = {isa = PBXBuildFile; fileRef = 83136F2EDE4B74B55006C129 /* WorkLogViewModelTests.swift */; };
		236B97BCD01D4BC8862003BD /* WorkLogViewModel.swift in Sources */ = {isa = PBXBuildFile; fileRef = 8C556170615369A3D25B4F84 /* WorkLogViewModel.swift */; };
		44CE0F90F420B168402CD78D /* NavigatorStub.swift in Sources */ = {isa = PBXBuildFile; fileRef = A14F15FA4C106FCB54EA7CC5 /* NavigatorStub.swift */; };
		4B6B14B9CBD30EC0D5CB66A0 /* DefaultLoadingView.swift in Sources */ = {isa = PBXBuildFile; fileRef = 9BB5EBE2ECE2CD2E4C082D21 /* DefaultLoadingView.swift */; };
		52477D78A03C3F4F42DF1F1C /* EntryScreen.swift in Sources */ = {isa = PBXBuildFile; fileRef = 42E9730915744D7CCBAEA92C /* EntryScreen.swift */; };
		5F609649B4B4ACFCF4E90DD5 /* AddEntryViewModel.swift in Sources */ = {isa = PBXBuildFile; fileRef = D3CB713688D4A5C17D972E93 /* AddEntryViewModel.swift */; };
		616D9E22F9CCEE02B71890BE /* EntryServiceStub.swift in Sources */ = {isa = PBXBuildFile; fileRef = 4D6A4B67DB695FA0B62BEF9C /* EntryServiceStub.swift */; };
		61D684A88A98D404E5DE6E96 /* EntryServiceTests.swift in Sources */ = {isa = PBXBuildFile; fileRef = 7D6473BDB320EDEF58302A9C /* EntryServiceTests.swift */; };
		6BB34173BD851688902A8652 /* Assets.xcassets in Resources */ = {isa = PBXBuildFile; fileRef = DD4CF931B489EFF797E4B07D /* Assets.xcassets */; };
		7155E30176927A57E3393FD8 /* LoadableCollectionView.swift in Sources */ = {isa = PBXBuildFile; fileRef = 6AA2D37616C9CE27684F9458 /* LoadableCollectionView.swift */; };
		7289DE4A2209248D0D7959BE /* ColorAssets.xcassets in Resources */ = {isa = PBXBuildFile; fileRef = 34F9AB85BADCB489A4B6AAE0 /* ColorAssets.xcassets */; };
		9A3C92BE89EDF0DAFAF13089 /* WorkLogView.swift in Sources */ = {isa = PBXBuildFile; fileRef = FF13D4B5C7212A2D70E10AAF /* WorkLogView.swift */; };
		9F117B6BD51E1451B985383F /* EntryDetailView.swift in Sources */ = {isa = PBXBuildFile; fileRef = 675B5E8D619B441399C9425F /* EntryDetailView.swift */; };
		A57A59C54C662C4E90BC6C97 /* LoadableView.swift in Sources */ = {isa = PBXBuildFile; fileRef = 3B49399698AC915C9C6611C8 /* LoadableView.swift */; };
		AAF03E3972C59334FCD2E000 /* Decimal+toDouble.swift in Sources */ = {isa = PBXBuildFile; fileRef = 52F2C03AB3E5C21376EE7753 /* Decimal+toDouble.swift */; };
		B019CC97CF0A7BFF8121405E /* AddEntryView.swift in Sources */ = {isa = PBXBuildFile; fileRef = 4DEF292E3097C2B681677448 /* AddEntryView.swift */; };
		B80FA7D4645C0012E6776F67 /* Entry.swift in Sources */ = {isa = PBXBuildFile; fileRef = BD13540903267B21CA4D5B05 /* Entry.swift */; };
		BA822F78F9D80B4183767D97 /* EntryService.swift in Sources */ = {isa = PBXBuildFile; fileRef = CDC551E2A17EE908954B2644 /* EntryService.swift */; };
		C36FC7AD13FEDD69FDEC02FE /* EntryServiceImpl.swift in Sources */ = {isa = PBXBuildFile; fileRef = 8260DD6BA5C32734AF5AAB77 /* EntryServiceImpl.swift */; };
		C469BEB0D7A4C9239F2686DE /* Navigator.swift in Sources */ = {isa = PBXBuildFile; fileRef = 021B40B967A880892BD37B94 /* Navigator.swift */; };
		C64E9ABCF51BD07F796E2688 /* AddEntryViewModelTests.swift in Sources */ = {isa = PBXBuildFile; fileRef = 2577C5F2BCCF0D315D635DA5 /* AddEntryViewModelTests.swift */; };
		C8768EB2CB6AE095AD9AF62B /* LoadableViewModel.swift in Sources */ = {isa = PBXBuildFile; fileRef = 6755AA34C8CD52C01C427262 /* LoadableViewModel.swift */; };
		C88CD8C71597E1A63C7FF954 /* Dimensions.swift in Sources */ = {isa = PBXBuildFile; fileRef = 0CAA939F22D96C2CD64B346A /* Dimensions.swift */; };
		CDF3303FD897325CC18CF206 /* SemanticPalette.swift in Sources */ = {isa = PBXBuildFile; fileRef = A10EB0AB070BF169DCF66F29 /* SemanticPalette.swift */; };
		D5CDFE234D6AAAE5552138EF /* DefaultErrorView.swift in Sources */ = {isa = PBXBuildFile; fileRef = 93F60BB706A37BFE8B693C47 /* DefaultErrorView.swift */; };
		DBC129491A9BDD56BC72F908 /* DefaultEmptyView.swift in Sources */ = {isa = PBXBuildFile; fileRef = E913DD49C17F0355AE6E2397 /* DefaultEmptyView.swift */; };
		E5BB22CCA927422D3DF1AF54 /* DurationFormatter.swift in Sources */ = {isa = PBXBuildFile; fileRef = 0EA43318CCAAA35B61F16BB0 /* DurationFormatter.swift */; };
		E8E5E9C17AAC0283628BE7E8 /* EntryDetailViewModel.swift in Sources */ = {isa = PBXBuildFile; fileRef = 54EBE64BF599E8990FC54AF2 /* EntryDetailViewModel.swift */; };
		EB49ACF33088AFD32DE9E2E4 /* ChronikRootView.swift in Sources */ = {isa = PBXBuildFile; fileRef = 32DD915F2EB954DCC9BB66DC /* ChronikRootView.swift */; };
		F1D8C5C39ECA79D438BE401E /* ChronikApp.swift in Sources */ = {isa = PBXBuildFile; fileRef = 6A55E14A4D07D25657C6051B /* ChronikApp.swift */; };
/* End PBXBuildFile section */

/* Begin PBXContainerItemProxy section */
		87C52CB5093785B830020EA0 /* PBXContainerItemProxy */ = {
			isa = PBXContainerItemProxy;
			containerPortal = AA6D38BE0B7801F239C5F8AA /* Project object */;
			proxyType = 1;
			remoteGlobalIDString = 716773ED0AB3C598A43D8070;
			remoteInfo = Chronik;
		};
/* End PBXContainerItemProxy section */

/* Begin PBXFileReference section */
		021B40B967A880892BD37B94 /* Navigator.swift */ = {isa = PBXFileReference; lastKnownFileType = sourcecode.swift; path = Navigator.swift; sourceTree = "<group>"; };
		0CAA939F22D96C2CD64B346A /* Dimensions.swift */ = {isa = PBXFileReference; lastKnownFileType = sourcecode.swift; path = Dimensions.swift; sourceTree = "<group>"; };
		0EA43318CCAAA35B61F16BB0 /* DurationFormatter.swift */ = {isa = PBXFileReference; lastKnownFileType = sourcecode.swift; path = DurationFormatter.swift; sourceTree = "<group>"; };
		2577C5F2BCCF0D315D635DA5 /* AddEntryViewModelTests.swift */ = {isa = PBXFileReference; lastKnownFileType = sourcecode.swift; path = AddEntryViewModelTests.swift; sourceTree = "<group>"; };
		32DD915F2EB954DCC9BB66DC /* ChronikRootView.swift */ = {isa = PBXFileReference; lastKnownFileType = sourcecode.swift; path = ChronikRootView.swift; sourceTree = "<group>"; };
		34F9AB85BADCB489A4B6AAE0 /* ColorAssets.xcassets */ = {isa = PBXFileReference; lastKnownFileType = folder.assetcatalog; path = ColorAssets.xcassets; sourceTree = "<group>"; };
		3B49399698AC915C9C6611C8 /* LoadableView.swift */ = {isa = PBXFileReference; lastKnownFileType = sourcecode.swift; path = LoadableView.swift; sourceTree = "<group>"; };
		42E9730915744D7CCBAEA92C /* EntryScreen.swift */ = {isa = PBXFileReference; lastKnownFileType = sourcecode.swift; path = EntryScreen.swift; sourceTree = "<group>"; };
		4D6A4B67DB695FA0B62BEF9C /* EntryServiceStub.swift */ = {isa = PBXFileReference; lastKnownFileType = sourcecode.swift; path = EntryServiceStub.swift; sourceTree = "<group>"; };
		4DEF292E3097C2B681677448 /* AddEntryView.swift */ = {isa = PBXFileReference; lastKnownFileType = sourcecode.swift; path = AddEntryView.swift; sourceTree = "<group>"; };
		52F2C03AB3E5C21376EE7753 /* Decimal+toDouble.swift */ = {isa = PBXFileReference; lastKnownFileType = sourcecode.swift; path = "Decimal+toDouble.swift"; sourceTree = "<group>"; };
		52FB95033D4F2DB3CCD81AFE /* ChronikTests.xctest */ = {isa = PBXFileReference; includeInIndex = 0; lastKnownFileType = wrapper.cfbundle; path = ChronikTests.xctest; sourceTree = BUILT_PRODUCTS_DIR; };
		54EBE64BF599E8990FC54AF2 /* EntryDetailViewModel.swift */ = {isa = PBXFileReference; lastKnownFileType = sourcecode.swift; path = EntryDetailViewModel.swift; sourceTree = "<group>"; };
		5DD75D4767C20646CA8B8F04 /* Theme.swift */ = {isa = PBXFileReference; lastKnownFileType = sourcecode.swift; path = Theme.swift; sourceTree = "<group>"; };
		6755AA34C8CD52C01C427262 /* LoadableViewModel.swift */ = {isa = PBXFileReference; lastKnownFileType = sourcecode.swift; path = LoadableViewModel.swift; sourceTree = "<group>"; };
		675B5E8D619B441399C9425F /* EntryDetailView.swift */ = {isa = PBXFileReference; lastKnownFileType = sourcecode.swift; path = EntryDetailView.swift; sourceTree = "<group>"; };
		6A55E14A4D07D25657C6051B /* ChronikApp.swift */ = {isa = PBXFileReference; lastKnownFileType = sourcecode.swift; path = ChronikApp.swift; sourceTree = "<group>"; };
		6AA2D37616C9CE27684F9458 /* LoadableCollectionView.swift */ = {isa = PBXFileReference; lastKnownFileType = sourcecode.swift; path = LoadableCollectionView.swift; sourceTree = "<group>"; };
		7D6473BDB320EDEF58302A9C /* EntryServiceTests.swift */ = {isa = PBXFileReference; lastKnownFileType = sourcecode.swift; path = EntryServiceTests.swift; sourceTree = "<group>"; };
		8260DD6BA5C32734AF5AAB77 /* EntryServiceImpl.swift */ = {isa = PBXFileReference; lastKnownFileType = sourcecode.swift; path = EntryServiceImpl.swift; sourceTree = "<group>"; };
		83136F2EDE4B74B55006C129 /* WorkLogViewModelTests.swift */ = {isa = PBXFileReference; lastKnownFileType = sourcecode.swift; path = WorkLogViewModelTests.swift; sourceTree = "<group>"; };
		8C556170615369A3D25B4F84 /* WorkLogViewModel.swift */ = {isa = PBXFileReference; lastKnownFileType = sourcecode.swift; path = WorkLogViewModel.swift; sourceTree = "<group>"; };
		9389601A155E4D9584856080 /* Chronik.app */ = {isa = PBXFileReference; includeInIndex = 0; lastKnownFileType = wrapper.application; path = Chronik.app; sourceTree = BUILT_PRODUCTS_DIR; };
		93F60BB706A37BFE8B693C47 /* DefaultErrorView.swift */ = {isa = PBXFileReference; lastKnownFileType = sourcecode.swift; path = DefaultErrorView.swift; sourceTree = "<group>"; };
		9BB5EBE2ECE2CD2E4C082D21 /* DefaultLoadingView.swift */ = {isa = PBXFileReference; lastKnownFileType = sourcecode.swift; path = DefaultLoadingView.swift; sourceTree = "<group>"; };
		A10EB0AB070BF169DCF66F29 /* SemanticPalette.swift */ = {isa = PBXFileReference; lastKnownFileType = sourcecode.swift; path = SemanticPalette.swift; sourceTree = "<group>"; };
		A14F15FA4C106FCB54EA7CC5 /* NavigatorStub.swift */ = {isa = PBXFileReference; lastKnownFileType = sourcecode.swift; path = NavigatorStub.swift; sourceTree = "<group>"; };
		A60601F51B5FE4215BEB388D /* NavigatorImpl.swift */ = {isa = PBXFileReference; lastKnownFileType = sourcecode.swift; path = NavigatorImpl.swift; sourceTree = "<group>"; };
		BD13540903267B21CA4D5B05 /* Entry.swift */ = {isa = PBXFileReference; lastKnownFileType = sourcecode.swift; path = Entry.swift; sourceTree = "<group>"; };
		CDC551E2A17EE908954B2644 /* EntryService.swift */ = {isa = PBXFileReference; lastKnownFileType = sourcecode.swift; path = EntryService.swift; sourceTree = "<group>"; };
		D3CB713688D4A5C17D972E93 /* AddEntryViewModel.swift */ = {isa = PBXFileReference; lastKnownFileType = sourcecode.swift; path = AddEntryViewModel.swift; sourceTree = "<group>"; };
		DD4CF931B489EFF797E4B07D /* Assets.xcassets */ = {isa = PBXFileReference; lastKnownFileType = folder.assetcatalog; path = Assets.xcassets; sourceTree = "<group>"; };
		E913DD49C17F0355AE6E2397 /* DefaultEmptyView.swift */ = {isa = PBXFileReference; lastKnownFileType = sourcecode.swift; path = DefaultEmptyView.swift; sourceTree = "<group>"; };
		F11283F475915EC9E7655A0D /* EntryDetailViewModelTests.swift */ = {isa = PBXFileReference; lastKnownFileType = sourcecode.swift; path = EntryDetailViewModelTests.swift; sourceTree = "<group>"; };
		FF13D4B5C7212A2D70E10AAF /* WorkLogView.swift */ = {isa = PBXFileReference; lastKnownFileType = sourcecode.swift; path = WorkLogView.swift; sourceTree = "<group>"; };
/* End PBXFileReference section */

/* Begin PBXGroup section */
		024240EFE254124D9B990BD9 /* Resources */ = {
			isa = PBXGroup;
			children = (
				DD4CF931B489EFF797E4B07D /* Assets.xcassets */,
				34F9AB85BADCB489A4B6AAE0 /* ColorAssets.xcassets */,
			);
			name = Resources;
			path = Chronik/Resources;
			sourceTree = "<group>";
		};
		0E29F9F917B42F0230FA2864 /* Services */ = {
			isa = PBXGroup;
			children = (
				CDC551E2A17EE908954B2644 /* EntryService.swift */,
				8260DD6BA5C32734AF5AAB77 /* EntryServiceImpl.swift */,
			);
			path = Services;
			sourceTree = "<group>";
		};
		18786E733234153EBB4A414E /* Products */ = {
			isa = PBXGroup;
			children = (
				9389601A155E4D9584856080 /* Chronik.app */,
				52FB95033D4F2DB3CCD81AFE /* ChronikTests.xctest */,
			);
			name = Products;
			sourceTree = "<group>";
		};
		1CA374A42C2ABB16683E7370 /* Extensions */ = {
			isa = PBXGroup;
			children = (
				52F2C03AB3E5C21376EE7753 /* Decimal+toDouble.swift */,
			);
			path = Extensions;
			sourceTree = "<group>";
		};
		29537D313A670F52C647838F /* App */ = {
			isa = PBXGroup;
			children = (
				6A55E14A4D07D25657C6051B /* ChronikApp.swift */,
				32DD915F2EB954DCC9BB66DC /* ChronikRootView.swift */,
			);
			path = App;
			sourceTree = "<group>";
		};
		33E13C6FC542708718B6BE04 /* Fakes */ = {
			isa = PBXGroup;
			children = (
				4D6A4B67DB695FA0B62BEF9C /* EntryServiceStub.swift */,
				A14F15FA4C106FCB54EA7CC5 /* NavigatorStub.swift */,
			);
			path = Fakes;
			sourceTree = "<group>";
		};
		35DEC82E0B7B022EDCCA412A = {
			isa = PBXGroup;
			children = (
				024240EFE254124D9B990BD9 /* Resources */,
				B36C962436D6ED13347C028D /* Sources */,
				83D64EC499695936ED89654B /* Tests */,
				18786E733234153EBB4A414E /* Products */,
			);
			sourceTree = "<group>";
		};
		37F3BAE206FCCFF6DA9F7BA4 /* Presentation */ = {
			isa = PBXGroup;
			children = (
				D3CB713688D4A5C17D972E93 /* AddEntryViewModel.swift */,
				54EBE64BF599E8990FC54AF2 /* EntryDetailViewModel.swift */,
				42E9730915744D7CCBAEA92C /* EntryScreen.swift */,
				8C556170615369A3D25B4F84 /* WorkLogViewModel.swift */,
			);
			path = Presentation;
			sourceTree = "<group>";
		};
		4B9C09D73F50FC4A51BA4FD0 /* View */ = {
			isa = PBXGroup;
			children = (
				4DEF292E3097C2B681677448 /* AddEntryView.swift */,
				675B5E8D619B441399C9425F /* EntryDetailView.swift */,
				FF13D4B5C7212A2D70E10AAF /* WorkLogView.swift */,
			);
			path = View;
			sourceTree = "<group>";
		};
		52AAA3229F39118420D3E2B6 /* Entries */ = {
			isa = PBXGroup;
			children = (
				2577C5F2BCCF0D315D635DA5 /* AddEntryViewModelTests.swift */,
				F11283F475915EC9E7655A0D /* EntryDetailViewModelTests.swift */,
				7D6473BDB320EDEF58302A9C /* EntryServiceTests.swift */,
				83136F2EDE4B74B55006C129 /* WorkLogViewModelTests.swift */,
			);
			path = Entries;
			sourceTree = "<group>";
		};
		52BB0BAE68D87DD261BF4C15 /* View */ = {
			isa = PBXGroup;
			children = (
				E913DD49C17F0355AE6E2397 /* DefaultEmptyView.swift */,
				93F60BB706A37BFE8B693C47 /* DefaultErrorView.swift */,
				9BB5EBE2ECE2CD2E4C082D21 /* DefaultLoadingView.swift */,
				6AA2D37616C9CE27684F9458 /* LoadableCollectionView.swift */,
				3B49399698AC915C9C6611C8 /* LoadableView.swift */,
				A60601F51B5FE4215BEB388D /* NavigatorImpl.swift */,
			);
			path = View;
			sourceTree = "<group>";
		};
		69DB10DEFCA4D63E9B936BEA /* Generic */ = {
			isa = PBXGroup;
			children = (
				1CA374A42C2ABB16683E7370 /* Extensions */,
				E5319E4930A06ECA6ADCC7E8 /* Presentation */,
				C16115DA574FB59B3008B265 /* Theme */,
				52BB0BAE68D87DD261BF4C15 /* View */,
			);
			path = Generic;
			sourceTree = "<group>";
		};
		6BAC7F3E1133DE2773D228F4 /* Entries */ = {
			isa = PBXGroup;
			children = (
				DEF212177B72E7F3DBD3F487 /* Domain */,
				37F3BAE206FCCFF6DA9F7BA4 /* Presentation */,
				0E29F9F917B42F0230FA2864 /* Services */,
				4B9C09D73F50FC4A51BA4FD0 /* View */,
			);
			path = Entries;
			sourceTree = "<group>";
		};
		83D64EC499695936ED89654B /* Tests */ = {
			isa = PBXGroup;
			children = (
				52AAA3229F39118420D3E2B6 /* Entries */,
				33E13C6FC542708718B6BE04 /* Fakes */,
			);
			name = Tests;
			path = Chronik/Tests;
			sourceTree = "<group>";
		};
		97262DFE0FB4A3CB12479F3A /* Features */ = {
			isa = PBXGroup;
			children = (
				6BAC7F3E1133DE2773D228F4 /* Entries */,
			);
			path = Features;
			sourceTree = "<group>";
		};
		B36C962436D6ED13347C028D /* Sources */ = {
			isa = PBXGroup;
			children = (
				29537D313A670F52C647838F /* App */,
				97262DFE0FB4A3CB12479F3A /* Features */,
				69DB10DEFCA4D63E9B936BEA /* Generic */,
			);
			name = Sources;
			path = Chronik/Sources;
			sourceTree = "<group>";
		};
		C16115DA574FB59B3008B265 /* Theme */ = {
			isa = PBXGroup;
			children = (
				0CAA939F22D96C2CD64B346A /* Dimensions.swift */,
				A10EB0AB070BF169DCF66F29 /* SemanticPalette.swift */,
				5DD75D4767C20646CA8B8F04 /* Theme.swift */,
			);
			path = Theme;
			sourceTree = "<group>";
		};
		DEF212177B72E7F3DBD3F487 /* Domain */ = {
			isa = PBXGroup;
			children = (
				BD13540903267B21CA4D5B05 /* Entry.swift */,
			);
			path = Domain;
			sourceTree = "<group>";
		};
		E5319E4930A06ECA6ADCC7E8 /* Presentation */ = {
			isa = PBXGroup;
			children = (
				0EA43318CCAAA35B61F16BB0 /* DurationFormatter.swift */,
				6755AA34C8CD52C01C427262 /* LoadableViewModel.swift */,
				021B40B967A880892BD37B94 /* Navigator.swift */,
			);
			path = Presentation;
			sourceTree = "<group>";
		};
/* End PBXGroup section */

/* Begin PBXNativeTarget section */
		716773ED0AB3C598A43D8070 /* Chronik */ = {
			isa = PBXNativeTarget;
			buildConfigurationList = 708EE59F0C0792EB3536DD5C /* Build configuration list for PBXNativeTarget "Chronik" */;
			buildPhases = (
				820F6935BB624C10A1D86E8C /* Sources */,
				4EA33671FFB6A18BC7782EFC /* Resources */,
			);
			buildRules = (
			);
			dependencies = (
			);
			name = Chronik;
			packageProductDependencies = (
			);
			productName = Chronik;
			productReference = 9389601A155E4D9584856080 /* Chronik.app */;
			productType = "com.apple.product-type.application";
		};
		E3A55FBF1CC833FCFD78DD96 /* ChronikTests */ = {
			isa = PBXNativeTarget;
			buildConfigurationList = 59F0BE12C06221CC389D381F /* Build configuration list for PBXNativeTarget "ChronikTests" */;
			buildPhases = (
				F1DBD1D6317682E325B79B4D /* Sources */,
			);
			buildRules = (
			);
			dependencies = (
				52D336C99B3D9D0DB9015CAB /* PBXTargetDependency */,
			);
			name = ChronikTests;
			packageProductDependencies = (
			);
			productName = ChronikTests;
			productReference = 52FB95033D4F2DB3CCD81AFE /* ChronikTests.xctest */;
			productType = "com.apple.product-type.bundle.unit-test";
		};
/* End PBXNativeTarget section */

/* Begin PBXProject section */
		AA6D38BE0B7801F239C5F8AA /* Project object */ = {
			isa = PBXProject;
			attributes = {
				BuildIndependentTargetsInParallel = YES;
				LastUpgradeCheck = 1500;
				TargetAttributes = {
				};
			};
			buildConfigurationList = E769DE5A5AF19F52C53210C8 /* Build configuration list for PBXProject "Chronik" */;
			developmentRegion = en;
			hasScannedForEncodings = 0;
			knownRegions = (
				Base,
				en,
			);
			mainGroup = 35DEC82E0B7B022EDCCA412A;
			minimizedProjectReferenceProxies = 1;
			preferredProjectObjectVersion = 77;
			productRefGroup = 18786E733234153EBB4A414E /* Products */;
			projectDirPath = "";
			projectRoot = "";
			targets = (
				716773ED0AB3C598A43D8070 /* Chronik */,
				E3A55FBF1CC833FCFD78DD96 /* ChronikTests */,
			);
		};
/* End PBXProject section */

/* Begin PBXResourcesBuildPhase section */
		4EA33671FFB6A18BC7782EFC /* Resources */ = {
			isa = PBXResourcesBuildPhase;
			buildActionMask = 2147483647;
			files = (
				6BB34173BD851688902A8652 /* Assets.xcassets in Resources */,
				7289DE4A2209248D0D7959BE /* ColorAssets.xcassets in Resources */,
			);
			runOnlyForDeploymentPostprocessing = 0;
		};
/* End PBXResourcesBuildPhase section */

/* Begin PBXSourcesBuildPhase section */
		820F6935BB624C10A1D86E8C /* Sources */ = {
			isa = PBXSourcesBuildPhase;
			buildActionMask = 2147483647;
			files = (
				B019CC97CF0A7BFF8121405E /* AddEntryView.swift in Sources */,
				5F609649B4B4ACFCF4E90DD5 /* AddEntryViewModel.swift in Sources */,
				F1D8C5C39ECA79D438BE401E /* ChronikApp.swift in Sources */,
				EB49ACF33088AFD32DE9E2E4 /* ChronikRootView.swift in Sources */,
				AAF03E3972C59334FCD2E000 /* Decimal+toDouble.swift in Sources */,
				DBC129491A9BDD56BC72F908 /* DefaultEmptyView.swift in Sources */,
				D5CDFE234D6AAAE5552138EF /* DefaultErrorView.swift in Sources */,
				4B6B14B9CBD30EC0D5CB66A0 /* DefaultLoadingView.swift in Sources */,
				C88CD8C71597E1A63C7FF954 /* Dimensions.swift in Sources */,
				E5BB22CCA927422D3DF1AF54 /* DurationFormatter.swift in Sources */,
				B80FA7D4645C0012E6776F67 /* Entry.swift in Sources */,
				9F117B6BD51E1451B985383F /* EntryDetailView.swift in Sources */,
				E8E5E9C17AAC0283628BE7E8 /* EntryDetailViewModel.swift in Sources */,
				52477D78A03C3F4F42DF1F1C /* EntryScreen.swift in Sources */,
				BA822F78F9D80B4183767D97 /* EntryService.swift in Sources */,
				C36FC7AD13FEDD69FDEC02FE /* EntryServiceImpl.swift in Sources */,
				7155E30176927A57E3393FD8 /* LoadableCollectionView.swift in Sources */,
				A57A59C54C662C4E90BC6C97 /* LoadableView.swift in Sources */,
				C8768EB2CB6AE095AD9AF62B /* LoadableViewModel.swift in Sources */,
				C469BEB0D7A4C9239F2686DE /* Navigator.swift in Sources */,
				16AE73D986AF43959BBEE19C /* NavigatorImpl.swift in Sources */,
				CDF3303FD897325CC18CF206 /* SemanticPalette.swift in Sources */,
				175CFD9B074AC42F3A658020 /* Theme.swift in Sources */,
				9A3C92BE89EDF0DAFAF13089 /* WorkLogView.swift in Sources */,
				236B97BCD01D4BC8862003BD /* WorkLogViewModel.swift in Sources */,
			);
			runOnlyForDeploymentPostprocessing = 0;
		};
		F1DBD1D6317682E325B79B4D /* Sources */ = {
			isa = PBXSourcesBuildPhase;
			buildActionMask = 2147483647;
			files = (
				C64E9ABCF51BD07F796E2688 /* AddEntryViewModelTests.swift in Sources */,
				0B65ABE3A8A96DA141235700 /* EntryDetailViewModelTests.swift in Sources */,
				616D9E22F9CCEE02B71890BE /* EntryServiceStub.swift in Sources */,
				61D684A88A98D404E5DE6E96 /* EntryServiceTests.swift in Sources */,
				44CE0F90F420B168402CD78D /* NavigatorStub.swift in Sources */,
				1B7F7428CF3B3CE4FE251AEF /* WorkLogViewModelTests.swift in Sources */,
			);
			runOnlyForDeploymentPostprocessing = 0;
		};
/* End PBXSourcesBuildPhase section */

/* Begin PBXTargetDependency section */
		52D336C99B3D9D0DB9015CAB /* PBXTargetDependency */ = {
			isa = PBXTargetDependency;
			target = 716773ED0AB3C598A43D8070 /* Chronik */;
			targetProxy = 87C52CB5093785B830020EA0 /* PBXContainerItemProxy */;
		};
/* End PBXTargetDependency section */

/* Begin XCBuildConfiguration section */
		1BEDA07B9A2E0F6E329FDD2C /* Release */ = {
			isa = XCBuildConfiguration;
			buildSettings = {
				ASSETCATALOG_COMPILER_APPICON_NAME = AppIcon;
				CODE_SIGN_IDENTITY = "iPhone Developer";
				CURRENT_PROJECT_VERSION = 1;
				GENERATE_INFOPLIST_FILE = YES;
				INFOPLIST_KEY_UIApplicationSceneManifest_Generation = YES;
				INFOPLIST_KEY_UIApplicationSupportsIndirectInputEvents = YES;
				INFOPLIST_KEY_UILaunchScreen_Generation = YES;
				INFOPLIST_KEY_UISupportedInterfaceOrientations_iPhone = UIInterfaceOrientationPortrait;
				LD_RUNPATH_SEARCH_PATHS = (
					"$(inherited)",
					"@executable_path/Frameworks",
				);
				MARKETING_VERSION = 1.0;
				PRODUCT_BUNDLE_IDENTIFIER = com.example.Chronik;
				SDKROOT = iphoneos;
				SWIFT_VERSION = 5.9;
				TARGETED_DEVICE_FAMILY = "1,2";
			};
			name = Release;
		};
		3112DFC0DFC31D2A1E795745 /* Release */ = {
			isa = XCBuildConfiguration;
			buildSettings = {
				ALWAYS_SEARCH_USER_PATHS = NO;
				CLANG_ANALYZER_NONNULL = YES;
				CLANG_ANALYZER_NUMBER_OBJECT_CONVERSION = YES_AGGRESSIVE;
				CLANG_CXX_LANGUAGE_STANDARD = "gnu++14";
				CLANG_CXX_LIBRARY = "libc++";
				CLANG_ENABLE_MODULES = YES;
				CLANG_ENABLE_OBJC_ARC = YES;
				CLANG_ENABLE_OBJC_WEAK = YES;
				CLANG_WARN_BLOCK_CAPTURE_AUTORELEASING = YES;
				CLANG_WARN_BOOL_CONVERSION = YES;
				CLANG_WARN_COMMA = YES;
				CLANG_WARN_CONSTANT_CONVERSION = YES;
				CLANG_WARN_DEPRECATED_OBJC_IMPLEMENTATIONS = YES;
				CLANG_WARN_DIRECT_OBJC_ISA_USAGE = YES_ERROR;
				CLANG_WARN_DOCUMENTATION_COMMENTS = YES;
				CLANG_WARN_EMPTY_BODY = YES;
				CLANG_WARN_ENUM_CONVERSION = YES;
				CLANG_WARN_INFINITE_RECURSION = YES;
				CLANG_WARN_INT_CONVERSION = YES;
				CLANG_WARN_NON_LITERAL_NULL_CONVERSION = YES;
				CLANG_WARN_OBJC_IMPLICIT_RETAIN_SELF = YES;
				CLANG_WARN_OBJC_LITERAL_CONVERSION = YES;
				CLANG_WARN_OBJC_ROOT_CLASS = YES_ERROR;
				CLANG_WARN_QUOTED_INCLUDE_IN_FRAMEWORK_HEADER = YES;
				CLANG_WARN_RANGE_LOOP_ANALYSIS = YES;
				CLANG_WARN_STRICT_PROTOTYPES = YES;
				CLANG_WARN_SUSPICIOUS_MOVE = YES;
				CLANG_WARN_UNGUARDED_AVAILABILITY = YES_AGGRESSIVE;
				CLANG_WARN_UNREACHABLE_CODE = YES;
				CLANG_WARN__DUPLICATE_METHOD_MATCH = YES;
				COPY_PHASE_STRIP = NO;
				DEBUG_INFORMATION_FORMAT = "dwarf-with-dsym";
				ENABLE_NS_ASSERTIONS = NO;
				ENABLE_STRICT_OBJC_MSGSEND = YES;
				GCC_C_LANGUAGE_STANDARD = gnu11;
				GCC_NO_COMMON_BLOCKS = YES;
				GCC_WARN_64_TO_32_BIT_CONVERSION = YES;
				GCC_WARN_ABOUT_RETURN_TYPE = YES_ERROR;
				GCC_WARN_UNDECLARED_SELECTOR = YES;
				GCC_WARN_UNINITIALIZED_AUTOS = YES_AGGRESSIVE;
				GCC_WARN_UNUSED_FUNCTION = YES;
				GCC_WARN_UNUSED_VARIABLE = YES;
				IPHONEOS_DEPLOYMENT_TARGET = 17.0;
				MTL_ENABLE_DEBUG_INFO = NO;
				MTL_FAST_MATH = YES;
				PRODUCT_NAME = "$(TARGET_NAME)";
				SDKROOT = iphoneos;
				SWIFT_COMPILATION_MODE = wholemodule;
				SWIFT_OPTIMIZATION_LEVEL = "-O";
				SWIFT_VERSION = 5.0;
			};
			name = Release;
		};
		42A3B0A4843C50C3EB6C1FEE /* Release */ = {
			isa = XCBuildConfiguration;
			buildSettings = {
				BUNDLE_LOADER = "$(TEST_HOST)";
				GENERATE_INFOPLIST_FILE = YES;
				LD_RUNPATH_SEARCH_PATHS = (
					"$(inherited)",
					"@executable_path/Frameworks",
					"@loader_path/Frameworks",
				);
				PRODUCT_BUNDLE_IDENTIFIER = com.example.ChronikTests;
				SDKROOT = iphoneos;
				SWIFT_VERSION = 5.9;
				TARGETED_DEVICE_FAMILY = "1,2";
				TEST_HOST = "$(BUILT_PRODUCTS_DIR)/Chronik.app/Chronik";
			};
			name = Release;
		};
		8AC77E6027AC14898C0A4400 /* Debug */ = {
			isa = XCBuildConfiguration;
			buildSettings = {
				ASSETCATALOG_COMPILER_APPICON_NAME = AppIcon;
				CODE_SIGN_IDENTITY = "iPhone Developer";
				CURRENT_PROJECT_VERSION = 1;
				GENERATE_INFOPLIST_FILE = YES;
				INFOPLIST_KEY_UIApplicationSceneManifest_Generation = YES;
				INFOPLIST_KEY_UIApplicationSupportsIndirectInputEvents = YES;
				INFOPLIST_KEY_UILaunchScreen_Generation = YES;
				INFOPLIST_KEY_UISupportedInterfaceOrientations_iPhone = UIInterfaceOrientationPortrait;
				LD_RUNPATH_SEARCH_PATHS = (
					"$(inherited)",
					"@executable_path/Frameworks",
				);
				MARKETING_VERSION = 1.0;
				PRODUCT_BUNDLE_IDENTIFIER = com.example.Chronik;
				SDKROOT = iphoneos;
				SWIFT_VERSION = 5.9;
				TARGETED_DEVICE_FAMILY = "1,2";
			};
			name = Debug;
		};
		B1A4E176C58E97D72058424A /* Debug */ = {
			isa = XCBuildConfiguration;
			buildSettings = {
				ALWAYS_SEARCH_USER_PATHS = NO;
				CLANG_ANALYZER_NONNULL = YES;
				CLANG_ANALYZER_NUMBER_OBJECT_CONVERSION = YES_AGGRESSIVE;
				CLANG_CXX_LANGUAGE_STANDARD = "gnu++14";
				CLANG_CXX_LIBRARY = "libc++";
				CLANG_ENABLE_MODULES = YES;
				CLANG_ENABLE_OBJC_ARC = YES;
				CLANG_ENABLE_OBJC_WEAK = YES;
				CLANG_WARN_BLOCK_CAPTURE_AUTORELEASING = YES;
				CLANG_WARN_BOOL_CONVERSION = YES;
				CLANG_WARN_COMMA = YES;
				CLANG_WARN_CONSTANT_CONVERSION = YES;
				CLANG_WARN_DEPRECATED_OBJC_IMPLEMENTATIONS = YES;
				CLANG_WARN_DIRECT_OBJC_ISA_USAGE = YES_ERROR;
				CLANG_WARN_DOCUMENTATION_COMMENTS = YES;
				CLANG_WARN_EMPTY_BODY = YES;
				CLANG_WARN_ENUM_CONVERSION = YES;
				CLANG_WARN_INFINITE_RECURSION = YES;
				CLANG_WARN_INT_CONVERSION = YES;
				CLANG_WARN_NON_LITERAL_NULL_CONVERSION = YES;
				CLANG_WARN_OBJC_IMPLICIT_RETAIN_SELF = YES;
				CLANG_WARN_OBJC_LITERAL_CONVERSION = YES;
				CLANG_WARN_OBJC_ROOT_CLASS = YES_ERROR;
				CLANG_WARN_QUOTED_INCLUDE_IN_FRAMEWORK_HEADER = YES;
				CLANG_WARN_RANGE_LOOP_ANALYSIS = YES;
				CLANG_WARN_STRICT_PROTOTYPES = YES;
				CLANG_WARN_SUSPICIOUS_MOVE = YES;
				CLANG_WARN_UNGUARDED_AVAILABILITY = YES_AGGRESSIVE;
				CLANG_WARN_UNREACHABLE_CODE = YES;
				CLANG_WARN__DUPLICATE_METHOD_MATCH = YES;
				COPY_PHASE_STRIP = NO;
				DEBUG_INFORMATION_FORMAT = dwarf;
				ENABLE_STRICT_OBJC_MSGSEND = YES;
				ENABLE_TESTABILITY = YES;
				GCC_C_LANGUAGE_STANDARD = gnu11;
				GCC_DYNAMIC_NO_PIC = NO;
				GCC_NO_COMMON_BLOCKS = YES;
				GCC_OPTIMIZATION_LEVEL = 0;
				GCC_PREPROCESSOR_DEFINITIONS = (
					"$(inherited)",
					"DEBUG=1",
				);
				GCC_WARN_64_TO_32_BIT_CONVERSION = YES;
				GCC_WARN_ABOUT_RETURN_TYPE = YES_ERROR;
				GCC_WARN_UNDECLARED_SELECTOR = YES;
				GCC_WARN_UNINITIALIZED_AUTOS = YES_AGGRESSIVE;
				GCC_WARN_UNUSED_FUNCTION = YES;
				GCC_WARN_UNUSED_VARIABLE = YES;
				IPHONEOS_DEPLOYMENT_TARGET = 17.0;
				MTL_ENABLE_DEBUG_INFO = INCLUDE_SOURCE;
				MTL_FAST_MATH = YES;
				ONLY_ACTIVE_ARCH = YES;
				PRODUCT_NAME = "$(TARGET_NAME)";
				SDKROOT = iphoneos;
				SWIFT_ACTIVE_COMPILATION_CONDITIONS = DEBUG;
				SWIFT_OPTIMIZATION_LEVEL = "-Onone";
				SWIFT_VERSION = 5.0;
			};
			name = Debug;
		};
		CD1763A59BD26C16284BB67D /* Debug */ = {
			isa = XCBuildConfiguration;
			buildSettings = {
				BUNDLE_LOADER = "$(TEST_HOST)";
				GENERATE_INFOPLIST_FILE = YES;
				LD_RUNPATH_SEARCH_PATHS = (
					"$(inherited)",
					"@executable_path/Frameworks",
					"@loader_path/Frameworks",
				);
				PRODUCT_BUNDLE_IDENTIFIER = com.example.ChronikTests;
				SDKROOT = iphoneos;
				SWIFT_VERSION = 5.9;
				TARGETED_DEVICE_FAMILY = "1,2";
				TEST_HOST = "$(BUILT_PRODUCTS_DIR)/Chronik.app/Chronik";
			};
			name = Debug;
		};
/* End XCBuildConfiguration section */

/* Begin XCConfigurationList section */
		59F0BE12C06221CC389D381F /* Build configuration list for PBXNativeTarget "ChronikTests" */ = {
			isa = XCConfigurationList;
			buildConfigurations = (
				CD1763A59BD26C16284BB67D /* Debug */,
				42A3B0A4843C50C3EB6C1FEE /* Release */,
			);
			defaultConfigurationIsVisible = 0;
			defaultConfigurationName = Debug;
		};
		708EE59F0C0792EB3536DD5C /* Build configuration list for PBXNativeTarget "Chronik" */ = {
			isa = XCConfigurationList;
			buildConfigurations = (
				8AC77E6027AC14898C0A4400 /* Debug */,
				1BEDA07B9A2E0F6E329FDD2C /* Release */,
			);
			defaultConfigurationIsVisible = 0;
			defaultConfigurationName = Debug;
		};
		E769DE5A5AF19F52C53210C8 /* Build configuration list for PBXProject "Chronik" */ = {
			isa = XCConfigurationList;
			buildConfigurations = (
				B1A4E176C58E97D72058424A /* Debug */,
				3112DFC0DFC31D2A1E795745 /* Release */,
			);
			defaultConfigurationIsVisible = 0;
			defaultConfigurationName = Debug;
		};
/* End XCConfigurationList section */
	};
	rootObject = AA6D38BE0B7801F239C5F8AA /* Project object */;
}
